{
	"name": "@consolerad.io/stdlib",
	"version": "0.0.0",
	"lockfileVersion": 1,
	"requires": true,
	"dependencies": {
		"@types/node": {
			"version": "14.14.8",
			"resolved": "https://registry.npmjs.org/@types/node/-/node-14.14.8.tgz",
			"integrity": "sha512-z/5Yd59dCKI5kbxauAJgw6dLPzW+TNOItNE00PkpzNwUIEwdj/Lsqwq94H5DdYBX7C13aRA0CY32BK76+neEUA==",
			"dev": true
		},
		"tslib": {
			"version": "2.0.3",
			"resolved": "https://registry.npmjs.org/tslib/-/tslib-2.0.3.tgz",
			"integrity": "sha512-uZtkfKblCEQtZKBF6EBXVZeQNl82yqtDQdv+eck8u7tdPxjLu2/lp5/uPW+um2tpuxINHWy3GhiccY7QgEaVHQ=="
		},
		"typescript": {
			"version": "4.0.5",
			"resolved": "https://registry.npmjs.org/typescript/-/typescript-4.0.5.tgz",
			"integrity": "sha512-ywmr/VrTVCmNTJ6iV2LwIrfG1P+lv6luD8sUJs+2eI9NLGigaN+nUQc13iHqisq7bra9lnmUSYqbJvegraBOPQ==",
			"dev": true
		}
	}
}
